{
  "requires": true,
  "lockfileVersion": 1,
  "dependencies": {
    "cordova-plugin-mapbox": {
      "version": "1.2.3",
      "resolved": "https://registry.npmjs.org/cordova-plugin-mapbox/-/cordova-plugin-mapbox-1.2.3.tgz",
      "integrity": "sha1-bqCcjERVaTJJCwi32RkyQ6M8FW4="
    },
    "cordova-plugin-x-socialsharing": {
      "version": "git+https://github.com/EddyVerbruggen/SocialSharing-PhoneGap-Plugin.git#b231f855d25330031458f8fc703a405b80d63d97",
      "from": "git+https://github.com/EddyVerbruggen/SocialSharing-PhoneGap-Plugin.git"
    },
    "es6-promise-plugin": {
      "version": "4.2.2",
      "resolved": "https://registry.npmjs.org/es6-promise-plugin/-/es6-promise-plugin-4.2.2.tgz",
      "integrity": "sha512-uoA4aVplXI9oqUYJFBAVRwAqIN9/n9JgrTAUGX3qPbnSZVE5yY1+6/MsoN5f4xsaPO62WjPHOdtts6okMN6tNA=="
    }
  }
}
